
Microsoft Visual Studio Solution File, Format Version 12.00
# Visual Studio Version 17
VisualStudioVersion = 17.13.35919.96 d17.13
MinimumVisualStudioVersion = 10.0.40219.1
Project("{FAE04EC0-301F-11D3-BF4B-00C04F79EFBC}") = "DotNetInnerSource-Producer", "DotNetInnerSource-Producer\DotNetInnerSource-Producer.csproj", "{C256B678-CA30-F3AA-12C3-A2DEBB254DF0}"
EndProject
Global
	GlobalSection(SolutionConfigurationPlatforms) = preSolution
		Debug|Any CPU = Debug|Any CPU
		Release|Any CPU = Release|Any CPU
	EndGlobalSection
	GlobalSection(ProjectConfigurationPlatforms) = postSolution
		{C256B678-CA30-F3AA-12C3-A2DEBB254DF0}.Debug|Any CPU.ActiveCfg = Debug|Any CPU
		{C256B678-CA30-F3AA-12C3-A2DEBB254DF0}.Debug|Any CPU.Build.0 = Debug|Any CPU
		{C256B678-CA30-F3AA-12C3-A2DEBB254DF0}.Release|Any CPU.ActiveCfg = Release|Any CPU
		{C256B678-CA30-F3AA-12C3-A2DEBB254DF0}.Release|Any CPU.Build.0 = Release|Any CPU
	EndGlobalSection
	GlobalSection(SolutionProperties) = preSolution
		HideSolutionNode = FALSE
	EndGlobalSection
	GlobalSection(ExtensibilityGlobals) = postSolution
		SolutionGuid = {2B2D3FCE-1975-4952-A639-4005118155E3}
	EndGlobalSection
EndGlobal
